
Microsoft Visual Studio Solution File, Format Version 12.00
# Visual Studio 14
VisualStudioVersion = 14.0.25420.1
MinimumVisualStudioVersion = 10.0.40219.1
Project("{FAE04EC0-301F-11D3-BF4B-00C04F79EFBC}") = "XamarinFormsListViewXamlImage.Droid", "XamarinFormsListViewXamlImage\XamarinFormsListViewXamlImage.Droid\XamarinFormsListViewXamlImage.Droid.csproj", "{EC91C7EF-C839-40C3-9676-84951F7A5A06}"
EndProject
Project("{FAE04EC0-301F-11D3-BF4B-00C04F79EFBC}") = "XamarinFormsListViewXamlImage.iOS", "XamarinFormsListViewXamlImage\XamarinFormsListViewXamlImage.iOS\XamarinFormsListViewXamlImage.iOS.csproj", "{D618790B-C81C-49EB-A401-DD0AA0C25034}"
EndProject
Project("{FAE04EC0-301F-11D3-BF4B-00C04F79EFBC}") = "XamarinFormsListViewXamlImage.WinPhone", "XamarinFormsListViewXamlImage\XamarinFormsListViewXamlImage.WinPhone\XamarinFormsListViewXamlImage.WinPhone.csproj", "{7D0C2980-EFCF-4CB9-9EE1-E77BAAACE8BB}"
EndProject
Project("{FAE04EC0-301F-11D3-BF4B-00C04F79EFBC}") = "XamarinFormsListViewXamlImage.UWP", "XamarinFormsListViewXamlImage\XamarinFormsListViewXamlImage.UWP\XamarinFormsListViewXamlImage.UWP.csproj", "{62797DD3-E46D-47FD-87A6-00339A9740CA}"
EndProject
Project("{FAE04EC0-301F-11D3-BF4B-00C04F79EFBC}") = "XamarinFormsListViewXamlImage.Windows", "XamarinFormsListViewXamlImage\XamarinFormsListViewXamlImage.Windows\XamarinFormsListViewXamlImage.Windows.csproj", "{4AE19E7B-718F-4FED-8C0E-A40031E401E5}"
EndProject
Project("{FAE04EC0-301F-11D3-BF4B-00C04F79EFBC}") = "XamarinFormsListViewXamlImage", "XamarinFormsListViewXamlImage\XamarinFormsListViewXamlImage\XamarinFormsListViewXamlImage.csproj", "{79E376B3-3FFB-4576-8CF8-E3406FE9F6F7}"
EndProject
Global
	GlobalSection(SolutionConfigurationPlatforms) = preSolution
		Ad-Hoc|Any CPU = Ad-Hoc|Any CPU
		Ad-Hoc|ARM = Ad-Hoc|ARM
		Ad-Hoc|iPhone = Ad-Hoc|iPhone
		Ad-Hoc|iPhoneSimulator = Ad-Hoc|iPhoneSimulator
		Ad-Hoc|x64 = Ad-Hoc|x64
		Ad-Hoc|x86 = Ad-Hoc|x86
		AppStore|Any CPU = AppStore|Any CPU
		AppStore|ARM = AppStore|ARM
		AppStore|iPhone = AppStore|iPhone
		AppStore|iPhoneSimulator = AppStore|iPhoneSimulator
		AppStore|x64 = AppStore|x64
		AppStore|x86 = AppStore|x86
		Debug|Any CPU = Debug|Any CPU
		Debug|ARM = Debug|ARM
		Debug|iPhone = Debug|iPhone
		Debug|iPhoneSimulator = Debug|iPhoneSimulator
		Debug|x64 = Debug|x64
		Debug|x86 = Debug|x86
		Release|Any CPU = Release|Any CPU
		Release|ARM = Release|ARM
		Release|iPhone = Release|iPhone
		Release|iPhoneSimulator = Release|iPhoneSimulator
		Release|x64 = Release|x64
		Release|x86 = Release|x86
	EndGlobalSection
	GlobalSection(ProjectConfigurationPlatforms) = postSolution
		{EC91C7EF-C839-40C3-9676-84951F7A5A06}.Ad-Hoc|Any CPU.ActiveCfg = Release|Any CPU
		{EC91C7EF-C839-40C3-9676-84951F7A5A06}.Ad-Hoc|Any CPU.Build.0 = Release|Any CPU
		{EC91C7EF-C839-40C3-9676-84951F7A5A06}.Ad-Hoc|Any CPU.Deploy.0 = Release|Any CPU
		{EC91C7EF-C839-40C3-9676-84951F7A5A06}.Ad-Hoc|ARM.ActiveCfg = Release|Any CPU
		{EC91C7EF-C839-40C3-9676-84951F7A5A06}.Ad-Hoc|ARM.Build.0 = Release|Any CPU
		{EC91C7EF-C839-40C3-9676-84951F7A5A06}.Ad-Hoc|ARM.Deploy.0 = Release|Any CPU
		{EC91C7EF-C839-40C3-9676-84951F7A5A06}.Ad-Hoc|iPhone.ActiveCfg = Release|Any CPU
		{EC91C7EF-C839-40C3-9676-84951F7A5A06}.Ad-Hoc|iPhone.Build.0 = Release|Any CPU
		{EC91C7EF-C839-40C3-9676-84951F7A5A06}.Ad-Hoc|iPhone.Deploy.0 = Release|Any CPU
		{EC91C7EF-C839-40C3-9676-84951F7A5A06}.Ad-Hoc|iPhoneSimulator.ActiveCfg = Release|Any CPU
		{EC91C7EF-C839-40C3-9676-84951F7A5A06}.Ad-Hoc|iPhoneSimulator.Build.0 = Release|Any CPU
		{EC91C7EF-C839-40C3-9676-84951F7A5A06}.Ad-Hoc|iPhoneSimulator.Deploy.0 = Release|Any CPU
		{EC91C7EF-C839-40C3-9676-84951F7A5A06}.Ad-Hoc|x64.ActiveCfg = Release|Any CPU
		{EC91C7EF-C839-40C3-9676-84951F7A5A06}.Ad-Hoc|x64.Build.0 = Release|Any CPU
		{EC91C7EF-C839-40C3-9676-84951F7A5A06}.Ad-Hoc|x64.Deploy.0 = Release|Any CPU
		{EC91C7EF-C839-40C3-9676-84951F7A5A06}.Ad-Hoc|x86.ActiveCfg = Release|Any CPU
		{EC91C7EF-C839-40C3-9676-84951F7A5A06}.Ad-Hoc|x86.Build.0 = Release|Any CPU
		{EC91C7EF-C839-40C3-9676-84951F7A5A06}.Ad-Hoc|x86.Deploy.0 = Release|Any CPU
		{EC91C7EF-C839-40C3-9676-84951F7A5A06}.AppStore|Any CPU.ActiveCfg = Release|Any CPU
		{EC91C7EF-C839-40C3-9676-84951F7A5A06}.AppStore|Any CPU.Build.0 = Release|Any CPU
		{EC91C7EF-C839-40C3-9676-84951F7A5A06}.AppStore|Any CPU.Deploy.0 = Release|Any CPU
		{EC91C7EF-C839-40C3-9676-84951F7A5A06}.AppStore|ARM.ActiveCfg = Release|Any CPU
		{EC91C7EF-C839-40C3-9676-84951F7A5A06}.AppStore|ARM.Build.0 = Release|Any CPU
		{EC91C7EF-C839-40C3-9676-84951F7A5A06}.AppStore|ARM.Deploy.0 = Release|Any CPU
		{EC91C7EF-C839-40C3-9676-84951F7A5A06}.AppStore|iPhone.ActiveCfg = Release|Any CPU
		{EC91C7EF-C839-40C3-9676-84951F7A5A06}.AppStore|iPhone.Build.0 = Release|Any CPU
		{EC91C7EF-C839-40C3-9676-84951F7A5A06}.AppStore|iPhone.Deploy.0 = Release|Any CPU
		{EC91C7EF-C839-40C3-9676-84951F7A5A06}.AppStore|iPhoneSimulator.ActiveCfg = Release|Any CPU
		{EC91C7EF-C839-40C3-9676-84951F7A5A06}.AppStore|iPhoneSimulator.Build.0 = Release|Any CPU
		{EC91C7EF-C839-40C3-9676-84951F7A5A06}.AppStore|iPhoneSimulator.Deploy.0 = Release|Any CPU
		{EC91C7EF-C839-40C3-9676-84951F7A5A06}.AppStore|x64.ActiveCfg = Release|Any CPU
		{EC91C7EF-C839-40C3-9676-84951F7A5A06}.AppStore|x64.Build.0 = Release|Any CPU
		{EC91C7EF-C839-40C3-9676-84951F7A5A06}.AppStore|x64.Deploy.0 = Release|Any CPU
		{EC91C7EF-C839-40C3-9676-84951F7A5A06}.AppStore|x86.ActiveCfg = Release|Any CPU
		{EC91C7EF-C839-40C3-9676-84951F7A5A06}.AppStore|x86.Build.0 = Release|Any CPU
		{EC91C7EF-C839-40C3-9676-84951F7A5A06}.AppStore|x86.Deploy.0 = Release|Any CPU
		{EC91C7EF-C839-40C3-9676-84951F7A5A06}.Debug|Any CPU.ActiveCfg = Debug|Any CPU
		{EC91C7EF-C839-40C3-9676-84951F7A5A06}.Debug|Any CPU.Build.0 = Debug|Any CPU
		{EC91C7EF-C839-40C3-9676-84951F7A5A06}.Debug|Any CPU.Deploy.0 = Debug|Any CPU
		{EC91C7EF-C839-40C3-9676-84951F7A5A06}.Debug|ARM.ActiveCfg = Debug|Any CPU
		{EC91C7EF-C839-40C3-9676-84951F7A5A06}.Debug|ARM.Build.0 = Debug|Any CPU
		{EC91C7EF-C839-40C3-9676-84951F7A5A06}.Debug|ARM.Deploy.0 = Debug|Any CPU
		{EC91C7EF-C839-40C3-9676-84951F7A5A06}.Debug|iPhone.ActiveCfg = Debug|Any CPU
		{EC91C7EF-C839-40C3-9676-84951F7A5A06}.Debug|iPhone.Build.0 = Debug|Any CPU
		{EC91C7EF-C839-40C3-9676-84951F7A5A06}.Debug|iPhone.Deploy.0 = Debug|Any CPU
		{EC91C7EF-C839-40C3-9676-84951F7A5A06}.Debug|iPhoneSimulator.ActiveCfg = Debug|Any CPU
		{EC91C7EF-C839-40C3-9676-84951F7A5A06}.Debug|iPhoneSimulator.Build.0 = Debug|Any CPU
		{EC91C7EF-C839-40C3-9676-84951F7A5A06}.Debug|iPhoneSimulator.Deploy.0 = Debug|Any CPU
		{EC91C7EF-C839-40C3-9676-84951F7A5A06}.Debug|x64.ActiveCfg = Debug|Any CPU
		{EC91C7EF-C839-40C3-9676-84951F7A5A06}.Debug|x64.Build.0 = Debug|Any CPU
		{EC91C7EF-C839-40C3-9676-84951F7A5A06}.Debug|x64.Deploy.0 = Debug|Any CPU
		{EC91C7EF-C839-40C3-9676-84951F7A5A06}.Debug|x86.ActiveCfg = Debug|Any CPU
		{EC91C7EF-C839-40C3-9676-84951F7A5A06}.Debug|x86.Build.0 = Debug|Any CPU
		{EC91C7EF-C839-40C3-9676-84951F7A5A06}.Debug|x86.Deploy.0 = Debug|Any CPU
		{EC91C7EF-C839-40C3-9676-84951F7A5A06}.Release|Any CPU.ActiveCfg = Release|Any CPU
		{EC91C7EF-C839-40C3-9676-84951F7A5A06}.Release|Any CPU.Build.0 = Release|Any CPU
		{EC91C7EF-C839-40C3-9676-84951F7A5A06}.Release|Any CPU.Deploy.0 = Release|Any CPU
		{EC91C7EF-C839-40C3-9676-84951F7A5A06}.Release|ARM.ActiveCfg = Release|Any CPU
		{EC91C7EF-C839-40C3-9676-84951F7A5A06}.Release|ARM.Build.0 = Release|Any CPU
		{EC91C7EF-C839-40C3-9676-84951F7A5A06}.Release|ARM.Deploy.0 = Release|Any CPU
		{EC91C7EF-C839-40C3-9676-84951F7A5A06}.Release|iPhone.ActiveCfg = Release|Any CPU
		{EC91C7EF-C839-40C3-9676-84951F7A5A06}.Release|iPhone.Build.0 = Release|Any CPU
		{EC91C7EF-C839-40C3-9676-84951F7A5A06}.Release|iPhone.Deploy.0 = Release|Any CPU
		{EC91C7EF-C839-40C3-9676-84951F7A5A06}.Release|iPhoneSimulator.ActiveCfg = Release|Any CPU
		{EC91C7EF-C839-40C3-9676-84951F7A5A06}.Release|iPhoneSimulator.Build.0 = Release|Any CPU
		{EC91C7EF-C839-40C3-9676-84951F7A5A06}.Release|iPhoneSimulator.Deploy.0 = Release|Any CPU
		{EC91C7EF-C839-40C3-9676-84951F7A5A06}.Release|x64.ActiveCfg = Release|Any CPU
		{EC91C7EF-C839-40C3-9676-84951F7A5A06}.Release|x64.Build.0 = Release|Any CPU
		{EC91C7EF-C839-40C3-9676-84951F7A5A06}.Release|x64.Deploy.0 = Release|Any CPU
		{EC91C7EF-C839-40C3-9676-84951F7A5A06}.Release|x86.ActiveCfg = Release|Any CPU
		{EC91C7EF-C839-40C3-9676-84951F7A5A06}.Release|x86.Build.0 = Release|Any CPU
		{EC91C7EF-C839-40C3-9676-84951F7A5A06}.Release|x86.Deploy.0 = Release|Any CPU
		{D618790B-C81C-49EB-A401-DD0AA0C25034}.Ad-Hoc|Any CPU.ActiveCfg = Ad-Hoc|iPhone
		{D618790B-C81C-49EB-A401-DD0AA0C25034}.Ad-Hoc|ARM.ActiveCfg = Ad-Hoc|iPhone
		{D618790B-C81C-49EB-A401-DD0AA0C25034}.Ad-Hoc|iPhone.ActiveCfg = Ad-Hoc|iPhone
		{D618790B-C81C-49EB-A401-DD0AA0C25034}.Ad-Hoc|iPhone.Build.0 = Ad-Hoc|iPhone
		{D618790B-C81C-49EB-A401-DD0AA0C25034}.Ad-Hoc|iPhoneSimulator.ActiveCfg = Ad-Hoc|iPhoneSimulator
		{D618790B-C81C-49EB-A401-DD0AA0C25034}.Ad-Hoc|iPhoneSimulator.Build.0 = Ad-Hoc|iPhoneSimulator
		{D618790B-C81C-49EB-A401-DD0AA0C25034}.Ad-Hoc|x64.ActiveCfg = Ad-Hoc|iPhone
		{D618790B-C81C-49EB-A401-DD0AA0C25034}.Ad-Hoc|x86.ActiveCfg = Ad-Hoc|iPhone
		{D618790B-C81C-49EB-A401-DD0AA0C25034}.AppStore|Any CPU.ActiveCfg = AppStore|iPhone
		{D618790B-C81C-49EB-A401-DD0AA0C25034}.AppStore|ARM.ActiveCfg = AppStore|iPhone
		{D618790B-C81C-49EB-A401-DD0AA0C25034}.AppStore|iPhone.ActiveCfg = AppStore|iPhone
		{D618790B-C81C-49EB-A401-DD0AA0C25034}.AppStore|iPhone.Build.0 = AppStore|iPhone
		{D618790B-C81C-49EB-A401-DD0AA0C25034}.AppStore|iPhoneSimulator.ActiveCfg = AppStore|iPhoneSimulator
		{D618790B-C81C-49EB-A401-DD0AA0C25034}.AppStore|iPhoneSimulator.Build.0 = AppStore|iPhoneSimulator
		{D618790B-C81C-49EB-A401-DD0AA0C25034}.AppStore|x64.ActiveCfg = AppStore|iPhone
		{D618790B-C81C-49EB-A401-DD0AA0C25034}.AppStore|x86.ActiveCfg = AppStore|iPhone
		{D618790B-C81C-49EB-A401-DD0AA0C25034}.Debug|Any CPU.ActiveCfg = Debug|iPhone
		{D618790B-C81C-49EB-A401-DD0AA0C25034}.Debug|ARM.ActiveCfg = Debug|iPhone
		{D618790B-C81C-49EB-A401-DD0AA0C25034}.Debug|iPhone.ActiveCfg = Debug|iPhone
		{D618790B-C81C-49EB-A401-DD0AA0C25034}.Debug|iPhone.Build.0 = Debug|iPhone
		{D618790B-C81C-49EB-A401-DD0AA0C25034}.Debug|iPhoneSimulator.ActiveCfg = Debug|iPhoneSimulator
		{D618790B-C81C-49EB-A401-DD0AA0C25034}.Debug|iPhoneSimulator.Build.0 = Debug|iPhoneSimulator
		{D618790B-C81C-49EB-A401-DD0AA0C25034}.Debug|x64.ActiveCfg = Debug|iPhone
		{D618790B-C81C-49EB-A401-DD0AA0C25034}.Debug|x86.ActiveCfg = Debug|iPhone
		{D618790B-C81C-49EB-A401-DD0AA0C25034}.Release|Any CPU.ActiveCfg = Release|iPhone
		{D618790B-C81C-49EB-A401-DD0AA0C25034}.Release|ARM.ActiveCfg = Release|iPhone
		{D618790B-C81C-49EB-A401-DD0AA0C25034}.Release|iPhone.ActiveCfg = Release|iPhone
		{D618790B-C81C-49EB-A401-DD0AA0C25034}.Release|iPhone.Build.0 = Release|iPhone
		{D618790B-C81C-49EB-A401-DD0AA0C25034}.Release|iPhoneSimulator.ActiveCfg = Release|iPhoneSimulator
		{D618790B-C81C-49EB-A401-DD0AA0C25034}.Release|iPhoneSimulator.Build.0 = Release|iPhoneSimulator
		{D618790B-C81C-49EB-A401-DD0AA0C25034}.Release|x64.ActiveCfg = Release|iPhone
		{D618790B-C81C-49EB-A401-DD0AA0C25034}.Release|x86.ActiveCfg = Release|iPhone
		{7D0C2980-EFCF-4CB9-9EE1-E77BAAACE8BB}.Ad-Hoc|Any CPU.ActiveCfg = Release|Any CPU
		{7D0C2980-EFCF-4CB9-9EE1-E77BAAACE8BB}.Ad-Hoc|Any CPU.Build.0 = Release|Any CPU
		{7D0C2980-EFCF-4CB9-9EE1-E77BAAACE8BB}.Ad-Hoc|Any CPU.Deploy.0 = Release|Any CPU
		{7D0C2980-EFCF-4CB9-9EE1-E77BAAACE8BB}.Ad-Hoc|ARM.ActiveCfg = Release|ARM
		{7D0C2980-EFCF-4CB9-9EE1-E77BAAACE8BB}.Ad-Hoc|ARM.Build.0 = Release|ARM
		{7D0C2980-EFCF-4CB9-9EE1-E77BAAACE8BB}.Ad-Hoc|ARM.Deploy.0 = Release|ARM
		{7D0C2980-EFCF-4CB9-9EE1-E77BAAACE8BB}.Ad-Hoc|iPhone.ActiveCfg = Release|Any CPU
		{7D0C2980-EFCF-4CB9-9EE1-E77BAAACE8BB}.Ad-Hoc|iPhone.Build.0 = Release|Any CPU
		{7D0C2980-EFCF-4CB9-9EE1-E77BAAACE8BB}.Ad-Hoc|iPhone.Deploy.0 = Release|Any CPU
		{7D0C2980-EFCF-4CB9-9EE1-E77BAAACE8BB}.Ad-Hoc|iPhoneSimulator.ActiveCfg = Release|Any CPU
		{7D0C2980-EFCF-4CB9-9EE1-E77BAAACE8BB}.Ad-Hoc|iPhoneSimulator.Build.0 = Release|Any CPU
		{7D0C2980-EFCF-4CB9-9EE1-E77BAAACE8BB}.Ad-Hoc|iPhoneSimulator.Deploy.0 = Release|Any CPU
		{7D0C2980-EFCF-4CB9-9EE1-E77BAAACE8BB}.Ad-Hoc|x64.ActiveCfg = Release|Any CPU
		{7D0C2980-EFCF-4CB9-9EE1-E77BAAACE8BB}.Ad-Hoc|x64.Build.0 = Release|Any CPU
		{7D0C2980-EFCF-4CB9-9EE1-E77BAAACE8BB}.Ad-Hoc|x64.Deploy.0 = Release|Any CPU
		{7D0C2980-EFCF-4CB9-9EE1-E77BAAACE8BB}.Ad-Hoc|x86.ActiveCfg = Release|x86
		{7D0C2980-EFCF-4CB9-9EE1-E77BAAACE8BB}.Ad-Hoc|x86.Build.0 = Release|x86
		{7D0C2980-EFCF-4CB9-9EE1-E77BAAACE8BB}.Ad-Hoc|x86.Deploy.0 = Release|x86
		{7D0C2980-EFCF-4CB9-9EE1-E77BAAACE8BB}.AppStore|Any CPU.ActiveCfg = Release|Any CPU
		{7D0C2980-EFCF-4CB9-9EE1-E77BAAACE8BB}.AppStore|Any CPU.Build.0 = Release|Any CPU
		{7D0C2980-EFCF-4CB9-9EE1-E77BAAACE8BB}.AppStore|Any CPU.Deploy.0 = Release|Any CPU
		{7D0C2980-EFCF-4CB9-9EE1-E77BAAACE8BB}.AppStore|ARM.ActiveCfg = Release|ARM
		{7D0C2980-EFCF-4CB9-9EE1-E77BAAACE8BB}.AppStore|ARM.Build.0 = Release|ARM
		{7D0C2980-EFCF-4CB9-9EE1-E77BAAACE8BB}.AppStore|ARM.Deploy.0 = Release|ARM
		{7D0C2980-EFCF-4CB9-9EE1-E77BAAACE8BB}.AppStore|iPhone.ActiveCfg = Release|Any CPU
		{7D0C2980-EFCF-4CB9-9EE1-E77BAAACE8BB}.AppStore|iPhone.Build.0 = Release|Any CPU
		{7D0C2980-EFCF-4CB9-9EE1-E77BAAACE8BB}.AppStore|iPhone.Deploy.0 = Release|Any CPU
		{7D0C2980-EFCF-4CB9-9EE1-E77BAAACE8BB}.AppStore|iPhoneSimulator.ActiveCfg = Release|Any CPU
		{7D0C2980-EFCF-4CB9-9EE1-E77BAAACE8BB}.AppStore|iPhoneSimulator.Build.0 = Release|Any CPU
		{7D0C2980-EFCF-4CB9-9EE1-E77BAAACE8BB}.AppStore|iPhoneSimulator.Deploy.0 = Release|Any CPU
		{7D0C2980-EFCF-4CB9-9EE1-E77BAAACE8BB}.AppStore|x64.ActiveCfg = Release|Any CPU
		{7D0C2980-EFCF-4CB9-9EE1-E77BAAACE8BB}.AppStore|x64.Build.0 = Release|Any CPU
		{7D0C2980-EFCF-4CB9-9EE1-E77BAAACE8BB}.AppStore|x64.Deploy.0 = Release|Any CPU
		{7D0C2980-EFCF-4CB9-9EE1-E77BAAACE8BB}.AppStore|x86.ActiveCfg = Release|x86
		{7D0C2980-EFCF-4CB9-9EE1-E77BAAACE8BB}.AppStore|x86.Build.0 = Release|x86
		{7D0C2980-EFCF-4CB9-9EE1-E77BAAACE8BB}.AppStore|x86.Deploy.0 = Release|x86
		{7D0C2980-EFCF-4CB9-9EE1-E77BAAACE8BB}.Debug|Any CPU.ActiveCfg = Debug|Any CPU
		{7D0C2980-EFCF-4CB9-9EE1-E77BAAACE8BB}.Debug|Any CPU.Build.0 = Debug|Any CPU
		{7D0C2980-EFCF-4CB9-9EE1-E77BAAACE8BB}.Debug|Any CPU.Deploy.0 = Debug|Any CPU
		{7D0C2980-EFCF-4CB9-9EE1-E77BAAACE8BB}.Debug|ARM.ActiveCfg = Debug|ARM
		{7D0C2980-EFCF-4CB9-9EE1-E77BAAACE8BB}.Debug|ARM.Build.0 = Debug|ARM
		{7D0C2980-EFCF-4CB9-9EE1-E77BAAACE8BB}.Debug|ARM.Deploy.0 = Debug|ARM
		{7D0C2980-EFCF-4CB9-9EE1-E77BAAACE8BB}.Debug|iPhone.ActiveCfg = Debug|Any CPU
		{7D0C2980-EFCF-4CB9-9EE1-E77BAAACE8BB}.Debug|iPhone.Build.0 = Debug|Any CPU
		{7D0C2980-EFCF-4CB9-9EE1-E77BAAACE8BB}.Debug|iPhone.Deploy.0 = Debug|Any CPU
		{7D0C2980-EFCF-4CB9-9EE1-E77BAAACE8BB}.Debug|iPhoneSimulator.ActiveCfg = Debug|Any CPU
		{7D0C2980-EFCF-4CB9-9EE1-E77BAAACE8BB}.Debug|iPhoneSimulator.Build.0 = Debug|Any CPU
		{7D0C2980-EFCF-4CB9-9EE1-E77BAAACE8BB}.Debug|iPhoneSimulator.Deploy.0 = Debug|Any CPU
		{7D0C2980-EFCF-4CB9-9EE1-E77BAAACE8BB}.Debug|x64.ActiveCfg = Debug|Any CPU
		{7D0C2980-EFCF-4CB9-9EE1-E77BAAACE8BB}.Debug|x64.Build.0 = Debug|Any CPU
		{7D0C2980-EFCF-4CB9-9EE1-E77BAAACE8BB}.Debug|x64.Deploy.0 = Debug|Any CPU
		{7D0C2980-EFCF-4CB9-9EE1-E77BAAACE8BB}.Debug|x86.ActiveCfg = Debug|x86
		{7D0C2980-EFCF-4CB9-9EE1-E77BAAACE8BB}.Debug|x86.Build.0 = Debug|x86
		{7D0C2980-EFCF-4CB9-9EE1-E77BAAACE8BB}.Debug|x86.Deploy.0 = Debug|x86
		{7D0C2980-EFCF-4CB9-9EE1-E77BAAACE8BB}.Release|Any CPU.ActiveCfg = Release|Any CPU
		{7D0C2980-EFCF-4CB9-9EE1-E77BAAACE8BB}.Release|Any CPU.Build.0 = Release|Any CPU
		{7D0C2980-EFCF-4CB9-9EE1-E77BAAACE8BB}.Release|Any CPU.Deploy.0 = Release|Any CPU
		{7D0C2980-EFCF-4CB9-9EE1-E77BAAACE8BB}.Release|ARM.ActiveCfg = Release|ARM
		{7D0C2980-EFCF-4CB9-9EE1-E77BAAACE8BB}.Release|ARM.Build.0 = Release|ARM
		{7D0C2980-EFCF-4CB9-9EE1-E77BAAACE8BB}.Release|ARM.Deploy.0 = Release|ARM
		{7D0C2980-EFCF-4CB9-9EE1-E77BAAACE8BB}.Release|iPhone.ActiveCfg = Release|Any CPU
		{7D0C2980-EFCF-4CB9-9EE1-E77BAAACE8BB}.Release|iPhone.Build.0 = Release|Any CPU
		{7D0C2980-EFCF-4CB9-9EE1-E77BAAACE8BB}.Release|iPhone.Deploy.0 = Release|Any CPU
		{7D0C2980-EFCF-4CB9-9EE1-E77BAAACE8BB}.Release|iPhoneSimulator.ActiveCfg = Release|Any CPU
		{7D0C2980-EFCF-4CB9-9EE1-E77BAAACE8BB}.Release|iPhoneSimulator.Build.0 = Release|Any CPU
		{7D0C2980-EFCF-4CB9-9EE1-E77BAAACE8BB}.Release|iPhoneSimulator.Deploy.0 = Release|Any CPU
		{7D0C2980-EFCF-4CB9-9EE1-E77BAAACE8BB}.Release|x64.ActiveCfg = Release|Any CPU
		{7D0C2980-EFCF-4CB9-9EE1-E77BAAACE8BB}.Release|x64.Build.0 = Release|Any CPU
		{7D0C2980-EFCF-4CB9-9EE1-E77BAAACE8BB}.Release|x64.Deploy.0 = Release|Any CPU
		{7D0C2980-EFCF-4CB9-9EE1-E77BAAACE8BB}.Release|x86.ActiveCfg = Release|x86
		{7D0C2980-EFCF-4CB9-9EE1-E77BAAACE8BB}.Release|x86.Build.0 = Release|x86
		{7D0C2980-EFCF-4CB9-9EE1-E77BAAACE8BB}.Release|x86.Deploy.0 = Release|x86
		{62797DD3-E46D-47FD-87A6-00339A9740CA}.Ad-Hoc|Any CPU.ActiveCfg = Release|x86
		{62797DD3-E46D-47FD-87A6-00339A9740CA}.Ad-Hoc|Any CPU.Build.0 = Release|x86
		{62797DD3-E46D-47FD-87A6-00339A9740CA}.Ad-Hoc|Any CPU.Deploy.0 = Release|x86
		{62797DD3-E46D-47FD-87A6-00339A9740CA}.Ad-Hoc|ARM.ActiveCfg = Release|ARM
		{62797DD3-E46D-47FD-87A6-00339A9740CA}.Ad-Hoc|ARM.Build.0 = Release|ARM
		{62797DD3-E46D-47FD-87A6-00339A9740CA}.Ad-Hoc|ARM.Deploy.0 = Release|ARM
		{62797DD3-E46D-47FD-87A6-00339A9740CA}.Ad-Hoc|iPhone.ActiveCfg = Release|x86
		{62797DD3-E46D-47FD-87A6-00339A9740CA}.Ad-Hoc|iPhone.Build.0 = Release|x86
		{62797DD3-E46D-47FD-87A6-00339A9740CA}.Ad-Hoc|iPhone.Deploy.0 = Release|x86
		{62797DD3-E46D-47FD-87A6-00339A9740CA}.Ad-Hoc|iPhoneSimulator.ActiveCfg = Release|x86
		{62797DD3-E46D-47FD-87A6-00339A9740CA}.Ad-Hoc|iPhoneSimulator.Build.0 = Release|x86
		{62797DD3-E46D-47FD-87A6-00339A9740CA}.Ad-Hoc|iPhoneSimulator.Deploy.0 = Release|x86
		{62797DD3-E46D-47FD-87A6-00339A9740CA}.Ad-Hoc|x64.ActiveCfg = Release|x64
		{62797DD3-E46D-47FD-87A6-00339A9740CA}.Ad-Hoc|x64.Build.0 = Release|x64
		{62797DD3-E46D-47FD-87A6-00339A9740CA}.Ad-Hoc|x64.Deploy.0 = Release|x64
		{62797DD3-E46D-47FD-87A6-00339A9740CA}.Ad-Hoc|x86.ActiveCfg = Release|x86
		{62797DD3-E46D-47FD-87A6-00339A9740CA}.Ad-Hoc|x86.Build.0 = Release|x86
		{62797DD3-E46D-47FD-87A6-00339A9740CA}.Ad-Hoc|x86.Deploy.0 = Release|x86
		{62797DD3-E46D-47FD-87A6-00339A9740CA}.AppStore|Any CPU.ActiveCfg = Release|x86
		{62797DD3-E46D-47FD-87A6-00339A9740CA}.AppStore|Any CPU.Build.0 = Release|x86
		{62797DD3-E46D-47FD-87A6-00339A9740CA}.AppStore|Any CPU.Deploy.0 = Release|x86
		{62797DD3-E46D-47FD-87A6-00339A9740CA}.AppStore|ARM.ActiveCfg = Release|ARM
		{62797DD3-E46D-47FD-87A6-00339A9740CA}.AppStore|ARM.Build.0 = Release|ARM
		{62797DD3-E46D-47FD-87A6-00339A9740CA}.AppStore|ARM.Deploy.0 = Release|ARM
		{62797DD3-E46D-47FD-87A6-00339A9740CA}.AppStore|iPhone.ActiveCfg = Release|x86
		{62797DD3-E46D-47FD-87A6-00339A9740CA}.AppStore|iPhone.Build.0 = Release|x86
		{62797DD3-E46D-47FD-87A6-00339A9740CA}.AppStore|iPhone.Deploy.0 = Release|x86
		{62797DD3-E46D-47FD-87A6-00339A9740CA}.AppStore|iPhoneSimulator.ActiveCfg = Release|x86
		{62797DD3-E46D-47FD-87A6-00339A9740CA}.AppStore|iPhoneSimulator.Build.0 = Release|x86
		{62797DD3-E46D-47FD-87A6-00339A9740CA}.AppStore|iPhoneSimulator.Deploy.0 = Release|x86
		{62797DD3-E46D-47FD-87A6-00339A9740CA}.AppStore|x64.ActiveCfg = Release|x64
		{62797DD3-E46D-47FD-87A6-00339A9740CA}.AppStore|x64.Build.0 = Release|x64
		{62797DD3-E46D-47FD-87A6-00339A9740CA}.AppStore|x64.Deploy.0 = Release|x64
		{62797DD3-E46D-47FD-87A6-00339A9740CA}.AppStore|x86.ActiveCfg = Release|x86
		{62797DD3-E46D-47FD-87A6-00339A9740CA}.AppStore|x86.Build.0 = Release|x86
		{62797DD3-E46D-47FD-87A6-00339A9740CA}.AppStore|x86.Deploy.0 = Release|x86
		{62797DD3-E46D-47FD-87A6-00339A9740CA}.Debug|Any CPU.ActiveCfg = Debug|x86
		{62797DD3-E46D-47FD-87A6-00339A9740CA}.Debug|ARM.ActiveCfg = Debug|ARM
		{62797DD3-E46D-47FD-87A6-00339A9740CA}.Debug|ARM.Build.0 = Debug|ARM
		{62797DD3-E46D-47FD-87A6-00339A9740CA}.Debug|ARM.Deploy.0 = Debug|ARM
		{62797DD3-E46D-47FD-87A6-00339A9740CA}.Debug|iPhone.ActiveCfg = Debug|x86
		{62797DD3-E46D-47FD-87A6-00339A9740CA}.Debug|iPhoneSimulator.ActiveCfg = Debug|x86
		{62797DD3-E46D-47FD-87A6-00339A9740CA}.Debug|x64.ActiveCfg = Debug|x64
		{62797DD3-E46D-47FD-87A6-00339A9740CA}.Debug|x64.Build.0 = Debug|x64
		{62797DD3-E46D-47FD-87A6-00339A9740CA}.Debug|x64.Deploy.0 = Debug|x64
		{62797DD3-E46D-47FD-87A6-00339A9740CA}.Debug|x86.ActiveCfg = Debug|x86
		{62797DD3-E46D-47FD-87A6-00339A9740CA}.Debug|x86.Build.0 = Debug|x86
		{62797DD3-E46D-47FD-87A6-00339A9740CA}.Debug|x86.Deploy.0 = Debug|x86
		{62797DD3-E46D-47FD-87A6-00339A9740CA}.Release|Any CPU.ActiveCfg = Release|x86
		{62797DD3-E46D-47FD-87A6-00339A9740CA}.Release|ARM.ActiveCfg = Release|ARM
		{62797DD3-E46D-47FD-87A6-00339A9740CA}.Release|ARM.Build.0 = Release|ARM
		{62797DD3-E46D-47FD-87A6-00339A9740CA}.Release|ARM.Deploy.0 = Release|ARM
		{62797DD3-E46D-47FD-87A6-00339A9740CA}.Release|iPhone.ActiveCfg = Release|x86
		{62797DD3-E46D-47FD-87A6-00339A9740CA}.Release|iPhoneSimulator.ActiveCfg = Release|x86
		{62797DD3-E46D-47FD-87A6-00339A9740CA}.Release|x64.ActiveCfg = Release|x64
		{62797DD3-E46D-47FD-87A6-00339A9740CA}.Release|x64.Build.0 = Release|x64
		{62797DD3-E46D-47FD-87A6-00339A9740CA}.Release|x64.Deploy.0 = Release|x64
		{62797DD3-E46D-47FD-87A6-00339A9740CA}.Release|x86.ActiveCfg = Release|x86
		{62797DD3-E46D-47FD-87A6-00339A9740CA}.Release|x86.Build.0 = Release|x86
		{62797DD3-E46D-47FD-87A6-00339A9740CA}.Release|x86.Deploy.0 = Release|x86
		{4AE19E7B-718F-4FED-8C0E-A40031E401E5}.Ad-Hoc|Any CPU.ActiveCfg = Release|Any CPU
		{4AE19E7B-718F-4FED-8C0E-A40031E401E5}.Ad-Hoc|Any CPU.Build.0 = Release|Any CPU
		{4AE19E7B-718F-4FED-8C0E-A40031E401E5}.Ad-Hoc|Any CPU.Deploy.0 = Release|Any CPU
		{4AE19E7B-718F-4FED-8C0E-A40031E401E5}.Ad-Hoc|ARM.ActiveCfg = Release|ARM
		{4AE19E7B-718F-4FED-8C0E-A40031E401E5}.Ad-Hoc|ARM.Build.0 = Release|ARM
		{4AE19E7B-718F-4FED-8C0E-A40031E401E5}.Ad-Hoc|ARM.Deploy.0 = Release|ARM
		{4AE19E7B-718F-4FED-8C0E-A40031E401E5}.Ad-Hoc|iPhone.ActiveCfg = Release|Any CPU
		{4AE19E7B-718F-4FED-8C0E-A40031E401E5}.Ad-Hoc|iPhone.Build.0 = Release|Any CPU
		{4AE19E7B-718F-4FED-8C0E-A40031E401E5}.Ad-Hoc|iPhone.Deploy.0 = Release|Any CPU
		{4AE19E7B-718F-4FED-8C0E-A40031E401E5}.Ad-Hoc|iPhoneSimulator.ActiveCfg = Release|Any CPU
		{4AE19E7B-718F-4FED-8C0E-A40031E401E5}.Ad-Hoc|iPhoneSimulator.Build.0 = Release|Any CPU
		{4AE19E7B-718F-4FED-8C0E-A40031E401E5}.Ad-Hoc|iPhoneSimulator.Deploy.0 = Release|Any CPU
		{4AE19E7B-718F-4FED-8C0E-A40031E401E5}.Ad-Hoc|x64.ActiveCfg = Release|x64
		{4AE19E7B-718F-4FED-8C0E-A40031E401E5}.Ad-Hoc|x64.Build.0 = Release|x64
		{4AE19E7B-718F-4FED-8C0E-A40031E401E5}.Ad-Hoc|x64.Deploy.0 = Release|x64
		{4AE19E7B-718F-4FED-8C0E-A40031E401E5}.Ad-Hoc|x86.ActiveCfg = Release|x86
		{4AE19E7B-718F-4FED-8C0E-A40031E401E5}.Ad-Hoc|x86.Build.0 = Release|x86
		{4AE19E7B-718F-4FED-8C0E-A40031E401E5}.Ad-Hoc|x86.Deploy.0 = Release|x86
		{4AE19E7B-718F-4FED-8C0E-A40031E401E5}.AppStore|Any CPU.ActiveCfg = Release|Any CPU
		{4AE19E7B-718F-4FED-8C0E-A40031E401E5}.AppStore|Any CPU.Build.0 = Release|Any CPU
		{4AE19E7B-718F-4FED-8C0E-A40031E401E5}.AppStore|Any CPU.Deploy.0 = Release|Any CPU
		{4AE19E7B-718F-4FED-8C0E-A40031E401E5}.AppStore|ARM.ActiveCfg = Release|ARM
		{4AE19E7B-718F-4FED-8C0E-A40031E401E5}.AppStore|ARM.Build.0 = Release|ARM
		{4AE19E7B-718F-4FED-8C0E-A40031E401E5}.AppStore|ARM.Deploy.0 = Release|ARM
		{4AE19E7B-718F-4FED-8C0E-A40031E401E5}.AppStore|iPhone.ActiveCfg = Release|Any CPU
		{4AE19E7B-718F-4FED-8C0E-A40031E401E5}.AppStore|iPhone.Build.0 = Release|Any CPU
		{4AE19E7B-718F-4FED-8C0E-A40031E401E5}.AppStore|iPhone.Deploy.0 = Release|Any CPU
		{4AE19E7B-718F-4FED-8C0E-A40031E401E5}.AppStore|iPhoneSimulator.ActiveCfg = Release|Any CPU
		{4AE19E7B-718F-4FED-8C0E-A40031E401E5}.AppStore|iPhoneSimulator.Build.0 = Release|Any CPU
		{4AE19E7B-718F-4FED-8C0E-A40031E401E5}.AppStore|iPhoneSimulator.Deploy.0 = Release|Any CPU
		{4AE19E7B-718F-4FED-8C0E-A40031E401E5}.AppStore|x64.ActiveCfg = Release|x64
		{4AE19E7B-718F-4FED-8C0E-A40031E401E5}.AppStore|x64.Build.0 = Release|x64
		{4AE19E7B-718F-4FED-8C0E-A40031E401E5}.AppStore|x64.Deploy.0 = Release|x64
		{4AE19E7B-718F-4FED-8C0E-A40031E401E5}.AppStore|x86.ActiveCfg = Release|x86
		{4AE19E7B-718F-4FED-8C0E-A40031E401E5}.AppStore|x86.Build.0 = Release|x86
		{4AE19E7B-718F-4FED-8C0E-A40031E401E5}.AppStore|x86.Deploy.0 = Release|x86
		{4AE19E7B-718F-4FED-8C0E-A40031E401E5}.Debug|Any CPU.ActiveCfg = Debug|Any CPU
		{4AE19E7B-718F-4FED-8C0E-A40031E401E5}.Debug|Any CPU.Build.0 = Debug|Any CPU
		{4AE19E7B-718F-4FED-8C0E-A40031E401E5}.Debug|Any CPU.Deploy.0 = Debug|Any CPU
		{4AE19E7B-718F-4FED-8C0E-A40031E401E5}.Debug|ARM.ActiveCfg = Debug|ARM
		{4AE19E7B-718F-4FED-8C0E-A40031E401E5}.Debug|ARM.Build.0 = Debug|ARM
		{4AE19E7B-718F-4FED-8C0E-A40031E401E5}.Debug|ARM.Deploy.0 = Debug|ARM
		{4AE19E7B-718F-4FED-8C0E-A40031E401E5}.Debug|iPhone.ActiveCfg = Debug|Any CPU
		{4AE19E7B-718F-4FED-8C0E-A40031E401E5}.Debug|iPhone.Build.0 = Debug|Any CPU
		{4AE19E7B-718F-4FED-8C0E-A40031E401E5}.Debug|iPhone.Deploy.0 = Debug|Any CPU
		{4AE19E7B-718F-4FED-8C0E-A40031E401E5}.Debug|iPhoneSimulator.ActiveCfg = Debug|Any CPU
		{4AE19E7B-718F-4FED-8C0E-A40031E401E5}.Debug|iPhoneSimulator.Build.0 = Debug|Any CPU
		{4AE19E7B-718F-4FED-8C0E-A40031E401E5}.Debug|iPhoneSimulator.Deploy.0 = Debug|Any CPU
		{4AE19E7B-718F-4FED-8C0E-A40031E401E5}.Debug|x64.ActiveCfg = Debug|x64
		{4AE19E7B-718F-4FED-8C0E-A40031E401E5}.Debug|x64.Build.0 = Debug|x64
		{4AE19E7B-718F-4FED-8C0E-A40031E401E5}.Debug|x64.Deploy.0 = Debug|x64
		{4AE19E7B-718F-4FED-8C0E-A40031E401E5}.Debug|x86.ActiveCfg = Debug|x86
		{4AE19E7B-718F-4FED-8C0E-A40031E401E5}.Debug|x86.Build.0 = Debug|x86
		{4AE19E7B-718F-4FED-8C0E-A40031E401E5}.Debug|x86.Deploy.0 = Debug|x86
		{4AE19E7B-718F-4FED-8C0E-A40031E401E5}.Release|Any CPU.ActiveCfg = Release|Any CPU
		{4AE19E7B-718F-4FED-8C0E-A40031E401E5}.Release|Any CPU.Build.0 = Release|Any CPU
		{4AE19E7B-718F-4FED-8C0E-A40031E401E5}.Release|Any CPU.Deploy.0 = Release|Any CPU
		{4AE19E7B-718F-4FED-8C0E-A40031E401E5}.Release|ARM.ActiveCfg = Release|ARM
		{4AE19E7B-718F-4FED-8C0E-A40031E401E5}.Release|ARM.Build.0 = Release|ARM
		{4AE19E7B-718F-4FED-8C0E-A40031E401E5}.Release|ARM.Deploy.0 = Release|ARM
		{4AE19E7B-718F-4FED-8C0E-A40031E401E5}.Release|iPhone.ActiveCfg = Release|Any CPU
		{4AE19E7B-718F-4FED-8C0E-A40031E401E5}.Release|iPhone.Build.0 = Release|Any CPU
		{4AE19E7B-718F-4FED-8C0E-A40031E401E5}.Release|iPhone.Deploy.0 = Release|Any CPU
		{4AE19E7B-718F-4FED-8C0E-A40031E401E5}.Release|iPhoneSimulator.ActiveCfg = Release|Any CPU
		{4AE19E7B-718F-4FED-8C0E-A40031E401E5}.Release|iPhoneSimulator.Build.0 = Release|Any CPU
		{4AE19E7B-718F-4FED-8C0E-A40031E401E5}.Release|iPhoneSimulator.Deploy.0 = Release|Any CPU
		{4AE19E7B-718F-4FED-8C0E-A40031E401E5}.Release|x64.ActiveCfg = Release|x64
		{4AE19E7B-718F-4FED-8C0E-A40031E401E5}.Release|x64.Build.0 = Release|x64
		{4AE19E7B-718F-4FED-8C0E-A40031E401E5}.Release|x64.Deploy.0 = Release|x64
		{4AE19E7B-718F-4FED-8C0E-A40031E401E5}.Release|x86.ActiveCfg = Release|x86
		{4AE19E7B-718F-4FED-8C0E-A40031E401E5}.Release|x86.Build.0 = Release|x86
		{4AE19E7B-718F-4FED-8C0E-A40031E401E5}.Release|x86.Deploy.0 = Release|x86
		{79E376B3-3FFB-4576-8CF8-E3406FE9F6F7}.Ad-Hoc|Any CPU.ActiveCfg = Release|Any CPU
		{79E376B3-3FFB-4576-8CF8-E3406FE9F6F7}.Ad-Hoc|Any CPU.Build.0 = Release|Any CPU
		{79E376B3-3FFB-4576-8CF8-E3406FE9F6F7}.Ad-Hoc|ARM.ActiveCfg = Release|Any CPU
		{79E376B3-3FFB-4576-8CF8-E3406FE9F6F7}.Ad-Hoc|ARM.Build.0 = Release|Any CPU
		{79E376B3-3FFB-4576-8CF8-E3406FE9F6F7}.Ad-Hoc|iPhone.ActiveCfg = Release|Any CPU
		{79E376B3-3FFB-4576-8CF8-E3406FE9F6F7}.Ad-Hoc|iPhone.Build.0 = Release|Any CPU
		{79E376B3-3FFB-4576-8CF8-E3406FE9F6F7}.Ad-Hoc|iPhoneSimulator.ActiveCfg = Release|Any CPU
		{79E376B3-3FFB-4576-8CF8-E3406FE9F6F7}.Ad-Hoc|iPhoneSimulator.Build.0 = Release|Any CPU
		{79E376B3-3FFB-4576-8CF8-E3406FE9F6F7}.Ad-Hoc|x64.ActiveCfg = Release|Any CPU
		{79E376B3-3FFB-4576-8CF8-E3406FE9F6F7}.Ad-Hoc|x64.Build.0 = Release|Any CPU
		{79E376B3-3FFB-4576-8CF8-E3406FE9F6F7}.Ad-Hoc|x86.ActiveCfg = Release|Any CPU
		{79E376B3-3FFB-4576-8CF8-E3406FE9F6F7}.Ad-Hoc|x86.Build.0 = Release|Any CPU
		{79E376B3-3FFB-4576-8CF8-E3406FE9F6F7}.AppStore|Any CPU.ActiveCfg = Release|Any CPU
		{79E376B3-3FFB-4576-8CF8-E3406FE9F6F7}.AppStore|Any CPU.Build.0 = Release|Any CPU
		{79E376B3-3FFB-4576-8CF8-E3406FE9F6F7}.AppStore|ARM.ActiveCfg = Release|Any CPU
		{79E376B3-3FFB-4576-8CF8-E3406FE9F6F7}.AppStore|ARM.Build.0 = Release|Any CPU
		{79E376B3-3FFB-4576-8CF8-E3406FE9F6F7}.AppStore|iPhone.ActiveCfg = Release|Any CPU
		{79E376B3-3FFB-4576-8CF8-E3406FE9F6F7}.AppStore|iPhone.Build.0 = Release|Any CPU
		{79E376B3-3FFB-4576-8CF8-E3406FE9F6F7}.AppStore|iPhoneSimulator.ActiveCfg = Release|Any CPU
		{79E376B3-3FFB-4576-8CF8-E3406FE9F6F7}.AppStore|iPhoneSimulator.Build.0 = Release|Any CPU
		{79E376B3-3FFB-4576-8CF8-E3406FE9F6F7}.AppStore|x64.ActiveCfg = Release|Any CPU
		{79E376B3-3FFB-4576-8CF8-E3406FE9F6F7}.AppStore|x64.Build.0 = Release|Any CPU
		{79E376B3-3FFB-4576-8CF8-E3406FE9F6F7}.AppStore|x86.ActiveCfg = Release|Any CPU
		{79E376B3-3FFB-4576-8CF8-E3406FE9F6F7}.AppStore|x86.Build.0 = Release|Any CPU
		{79E376B3-3FFB-4576-8CF8-E3406FE9F6F7}.Debug|Any CPU.ActiveCfg = Debug|Any CPU
		{79E376B3-3FFB-4576-8CF8-E3406FE9F6F7}.Debug|Any CPU.Build.0 = Debug|Any CPU
		{79E376B3-3FFB-4576-8CF8-E3406FE9F6F7}.Debug|ARM.ActiveCfg = Debug|Any CPU
		{79E376B3-3FFB-4576-8CF8-E3406FE9F6F7}.Debug|ARM.Build.0 = Debug|Any CPU
		{79E376B3-3FFB-4576-8CF8-E3406FE9F6F7}.Debug|iPhone.ActiveCfg = Debug|Any CPU
		{79E376B3-3FFB-4576-8CF8-E3406FE9F6F7}.Debug|iPhone.Build.0 = Debug|Any CPU
		{79E376B3-3FFB-4576-8CF8-E3406FE9F6F7}.Debug|iPhoneSimulator.ActiveCfg = Debug|Any CPU
		{79E376B3-3FFB-4576-8CF8-E3406FE9F6F7}.Debug|iPhoneSimulator.Build.0 = Debug|Any CPU
		{79E376B3-3FFB-4576-8CF8-E3406FE9F6F7}.Debug|x64.ActiveCfg = Debug|Any CPU
		{79E376B3-3FFB-4576-8CF8-E3406FE9F6F7}.Debug|x64.Build.0 = Debug|Any CPU
		{79E376B3-3FFB-4576-8CF8-E3406FE9F6F7}.Debug|x86.ActiveCfg = Debug|Any CPU
		{79E376B3-3FFB-4576-8CF8-E3406FE9F6F7}.Debug|x86.Build.0 = Debug|Any CPU
		{79E376B3-3FFB-4576-8CF8-E3406FE9F6F7}.Release|Any CPU.ActiveCfg = Release|Any CPU
		{79E376B3-3FFB-4576-8CF8-E3406FE9F6F7}.Release|Any CPU.Build.0 = Release|Any CPU
		{79E376B3-3FFB-4576-8CF8-E3406FE9F6F7}.Release|ARM.ActiveCfg = Release|Any CPU
		{79E376B3-3FFB-4576-8CF8-E3406FE9F6F7}.Release|ARM.Build.0 = Release|Any CPU
		{79E376B3-3FFB-4576-8CF8-E3406FE9F6F7}.Release|iPhone.ActiveCfg = Release|Any CPU
		{79E376B3-3FFB-4576-8CF8-E3406FE9F6F7}.Release|iPhone.Build.0 = Release|Any CPU
		{79E376B3-3FFB-4576-8CF8-E3406FE9F6F7}.Release|iPhoneSimulator.ActiveCfg = Release|Any CPU
		{79E376B3-3FFB-4576-8CF8-E3406FE9F6F7}.Release|iPhoneSimulator.Build.0 = Release|Any CPU
		{79E376B3-3FFB-4576-8CF8-E3406FE9F6F7}.Release|x64.ActiveCfg = Release|Any CPU
		{79E376B3-3FFB-4576-8CF8-E3406FE9F6F7}.Release|x64.Build.0 = Release|Any CPU
		{79E376B3-3FFB-4576-8CF8-E3406FE9F6F7}.Release|x86.ActiveCfg = Release|Any CPU
		{79E376B3-3FFB-4576-8CF8-E3406FE9F6F7}.Release|x86.Build.0 = Release|Any CPU
	EndGlobalSection
	GlobalSection(SolutionProperties) = preSolution
		HideSolutionNode = FALSE
	EndGlobalSection
EndGlobal
